
Microsoft Visual Studio Solution File, Format Version 12.00
# Visual Studio Version 17
VisualStudioVersion = 17.14.36930.0 d17.14
MinimumVisualStudioVersion = 10.0.40219.1
Project("{888888A0-9F3D-457C-B088-3A5042F75D52}") = "PythonAppPico", "PythonAppPico.pyproj", "{F05A2D17-F3BE-4102-88A5-81658FC2578A}"
EndProject
Global
	GlobalSection(SolutionConfigurationPlatforms) = preSolution
		Debug|Any CPU = Debug|Any CPU
		Release|Any CPU = Release|Any CPU
	EndGlobalSection
	GlobalSection(ProjectConfigurationPlatforms) = postSolution
		{F05A2D17-F3BE-4102-88A5-81658FC2578A}.Debug|Any CPU.ActiveCfg = Debug|Any CPU
		{F05A2D17-F3BE-4102-88A5-81658FC2578A}.Release|Any CPU.ActiveCfg = Release|Any CPU
	EndGlobalSection
	GlobalSection(SolutionProperties) = preSolution
		HideSolutionNode = FALSE
	EndGlobalSection
	GlobalSection(ExtensibilityGlobals) = postSolution
		SolutionGuid = {E26977B4-3D02-4B3C-AF83-384F3231ADE0}
	EndGlobalSection
EndGlobal
